
Microsoft Visual Studio Solution File, Format Version 12.00
# Visual Studio Version 17
VisualStudioVersion = 17.0.32112.339
MinimumVisualStudioVersion = 10.0.40219.1
Project("{9A19103F-16F7-4668-BE54-9A1E7A4F7556}") = "GeekBurger.Products", "GeekBurger.Products.csproj", "{2288E7C4-9059-4CDC-A8A8-DA2E810F0C42}"
EndProject
Project("{9A19103F-16F7-4668-BE54-9A1E7A4F7556}") = "GeekBurger.Products.Contract", "..\GeekBurger.Products.Contract\GeekBurger.Products.Contract.csproj", "{35927341-899A-47F9-8501-834CEC30C92F}"
EndProject
Project("{FAE04EC0-301F-11D3-BF4B-00C04F79EFBC}") = "GeekBurger.Service.Contract", "..\GeekBurger.Service.Contract\GeekBurger.Service.Contract.csproj", "{801F7817-B678-4D85-AF18-CCDE54670C7C}"
EndProject
Global
	GlobalSection(SolutionConfigurationPlatforms) = preSolution
		Debug|Any CPU = Debug|Any CPU
		Release|Any CPU = Release|Any CPU
	EndGlobalSection
	GlobalSection(ProjectConfigurationPlatforms) = postSolution
		{2288E7C4-9059-4CDC-A8A8-DA2E810F0C42}.Debug|Any CPU.ActiveCfg = Debug|Any CPU
		{2288E7C4-9059-4CDC-A8A8-DA2E810F0C42}.Debug|Any CPU.Build.0 = Debug|Any CPU
		{2288E7C4-9059-4CDC-A8A8-DA2E810F0C42}.Release|Any CPU.ActiveCfg = Release|Any CPU
		{2288E7C4-9059-4CDC-A8A8-DA2E810F0C42}.Release|Any CPU.Build.0 = Release|Any CPU
		{801F7817-B678-4D85-AF18-CCDE54670C7C}.Debug|Any CPU.ActiveCfg = Debug|Any CPU
		{801F7817-B678-4D85-AF18-CCDE54670C7C}.Debug|Any CPU.Build.0 = Debug|Any CPU
		{801F7817-B678-4D85-AF18-CCDE54670C7C}.Release|Any CPU.ActiveCfg = Release|Any CPU
		{801F7817-B678-4D85-AF18-CCDE54670C7C}.Release|Any CPU.Build.0 = Release|Any CPU
		{35927341-899A-47F9-8501-834CEC30C92F}.Debug|Any CPU.ActiveCfg = Debug|Any CPU
		{35927341-899A-47F9-8501-834CEC30C92F}.Debug|Any CPU.Build.0 = Debug|Any CPU
	EndGlobalSection
	GlobalSection(SolutionProperties) = preSolution
		HideSolutionNode = FALSE
	EndGlobalSection
	GlobalSection(ExtensibilityGlobals) = postSolution
		SolutionGuid = {ED220123-667C-438F-97B8-25546CE2EE28}
	EndGlobalSection
EndGlobal
